Microsoft Visual Studio Solution File, Format Version 12.00
# Visual Studio 15
VisualStudioVersion = 15.0.27130.2020
MinimumVisualStudioVersion = 10.0.40219.1
Project("{2150E333-8FDC-42A3-9474-1A3956D46DE8}") = "src", "src", "{39CCF7E0-4646-4AA8-B063-F475D9907219}"
EndProject
Project("{6EC3EE1D-3C4E-46DD-8F32-0CC8E7565705}") = "WorkingTitle.Runner", "src\WorkingTitle.Runner\WorkingTitle.Runner.fsproj", "{51C2C5B6-B3CA-40C2-8700-42FB1B6D7BFC}"
EndProject
Project("{6EC3EE1D-3C4E-46DD-8F32-0CC8E7565705}") = "WorkingTitle.Domain", "src\WorkingTitle.Domain\WorkingTitle.Domain.fsproj", "{940D2148-77E5-4388-A226-45BB0C7BE417}"
EndProject
Project("{6EC3EE1D-3C4E-46DD-8F32-0CC8E7565705}") = "WorkingTitle.Utils", "src\WorkingTitle.Utils\WorkingTitle.Utils.fsproj", "{09938B7D-30D4-4A75-9DDD-904FC269D56A}"
EndProject
Project("{6EC3EE1D-3C4E-46DD-8F32-0CC8E7565705}") = "WorkingTitle.Persistence.EventStore", "src\WorkingTitle.Persistence.EventStore\WorkingTitle.Persistence.EventStore.fsproj", "{685CB190-6601-4351-92A1-52599571B498}"
EndProject
Project("{F2A71F9B-5D33-465A-A702-920D77279786}") = "WorkingTitle.RabbitMQ", "src\WorkingTitle.RabbitMQ\WorkingTitle.RabbitMQ.fsproj", "{C8815135-ABBF-4E21-812A-3D69529458CD}"
EndProject
Project("{F2A71F9B-5D33-465A-A702-920D77279786}") = "WorkingTitle.Redis", "src\WorkingTitle.Redis\WorkingTitle.Redis.fsproj", "{5B69503B-E4CC-4D27-A088-06CE4434D924}"
EndProject
Global
	GlobalSection(SolutionConfigurationPlatforms) = preSolution
		Debug|Any CPU = Debug|Any CPU
		Debug|x64 = Debug|x64
		Debug|x86 = Debug|x86
		Release|Any CPU = Release|Any CPU
		Release|x64 = Release|x64
		Release|x86 = Release|x86
	EndGlobalSection
	GlobalSection(ProjectConfigurationPlatforms) = postSolution
		{51C2C5B6-B3CA-40C2-8700-42FB1B6D7BFC}.Debug|Any CPU.ActiveCfg = Debug|Any CPU
		{51C2C5B6-B3CA-40C2-8700-42FB1B6D7BFC}.Debug|Any CPU.Build.0 = Debug|Any CPU
		{51C2C5B6-B3CA-40C2-8700-42FB1B6D7BFC}.Debug|x64.ActiveCfg = Debug|Any CPU
		{51C2C5B6-B3CA-40C2-8700-42FB1B6D7BFC}.Debug|x64.Build.0 = Debug|Any CPU
		{51C2C5B6-B3CA-40C2-8700-42FB1B6D7BFC}.Debug|x86.ActiveCfg = Debug|Any CPU
		{51C2C5B6-B3CA-40C2-8700-42FB1B6D7BFC}.Debug|x86.Build.0 = Debug|Any CPU
		{51C2C5B6-B3CA-40C2-8700-42FB1B6D7BFC}.Release|Any CPU.ActiveCfg = Release|Any CPU
		{51C2C5B6-B3CA-40C2-8700-42FB1B6D7BFC}.Release|Any CPU.Build.0 = Release|Any CPU
		{51C2C5B6-B3CA-40C2-8700-42FB1B6D7BFC}.Release|x64.ActiveCfg = Release|Any CPU
		{51C2C5B6-B3CA-40C2-8700-42FB1B6D7BFC}.Release|x64.Build.0 = Release|Any CPU
		{51C2C5B6-B3CA-40C2-8700-42FB1B6D7BFC}.Release|x86.ActiveCfg = Release|Any CPU
		{51C2C5B6-B3CA-40C2-8700-42FB1B6D7BFC}.Release|x86.Build.0 = Release|Any CPU
		{940D2148-77E5-4388-A226-45BB0C7BE417}.Debug|Any CPU.ActiveCfg = Debug|Any CPU
		{940D2148-77E5-4388-A226-45BB0C7BE417}.Debug|Any CPU.Build.0 = Debug|Any CPU
		{940D2148-77E5-4388-A226-45BB0C7BE417}.Debug|x64.ActiveCfg = Debug|Any CPU
		{940D2148-77E5-4388-A226-45BB0C7BE417}.Debug|x64.Build.0 = Debug|Any CPU
		{940D2148-77E5-4388-A226-45BB0C7BE417}.Debug|x86.ActiveCfg = Debug|Any CPU
		{940D2148-77E5-4388-A226-45BB0C7BE417}.Debug|x86.Build.0 = Debug|Any CPU
		{940D2148-77E5-4388-A226-45BB0C7BE417}.Release|Any CPU.ActiveCfg = Release|Any CPU
		{940D2148-77E5-4388-A226-45BB0C7BE417}.Release|Any CPU.Build.0 = Release|Any CPU
		{940D2148-77E5-4388-A226-45BB0C7BE417}.Release|x64.ActiveCfg = Release|Any CPU
		{940D2148-77E5-4388-A226-45BB0C7BE417}.Release|x64.Build.0 = Release|Any CPU
		{940D2148-77E5-4388-A226-45BB0C7BE417}.Release|x86.ActiveCfg = Release|Any CPU
		{940D2148-77E5-4388-A226-45BB0C7BE417}.Release|x86.Build.0 = Release|Any CPU
		{09938B7D-30D4-4A75-9DDD-904FC269D56A}.Debug|Any CPU.ActiveCfg = Debug|Any CPU
		{09938B7D-30D4-4A75-9DDD-904FC269D56A}.Debug|Any CPU.Build.0 = Debug|Any CPU
		{09938B7D-30D4-4A75-9DDD-904FC269D56A}.Debug|x64.ActiveCfg = Debug|Any CPU
		{09938B7D-30D4-4A75-9DDD-904FC269D56A}.Debug|x64.Build.0 = Debug|Any CPU
		{09938B7D-30D4-4A75-9DDD-904FC269D56A}.Debug|x86.ActiveCfg = Debug|Any CPU
		{09938B7D-30D4-4A75-9DDD-904FC269D56A}.Debug|x86.Build.0 = Debug|Any CPU
		{09938B7D-30D4-4A75-9DDD-904FC269D56A}.Release|Any CPU.ActiveCfg = Release|Any CPU
		{09938B7D-30D4-4A75-9DDD-904FC269D56A}.Release|Any CPU.Build.0 = Release|Any CPU
		{09938B7D-30D4-4A75-9DDD-904FC269D56A}.Release|x64.ActiveCfg = Release|Any CPU
		{09938B7D-30D4-4A75-9DDD-904FC269D56A}.Release|x64.Build.0 = Release|Any CPU
		{09938B7D-30D4-4A75-9DDD-904FC269D56A}.Release|x86.ActiveCfg = Release|Any CPU
		{09938B7D-30D4-4A75-9DDD-904FC269D56A}.Release|x86.Build.0 = Release|Any CPU
		{685CB190-6601-4351-92A1-52599571B498}.Debug|Any CPU.ActiveCfg = Debug|Any CPU
		{685CB190-6601-4351-92A1-52599571B498}.Debug|Any CPU.Build.0 = Debug|Any CPU
		{685CB190-6601-4351-92A1-52599571B498}.Debug|x64.ActiveCfg = Debug|Any CPU
		{685CB190-6601-4351-92A1-52599571B498}.Debug|x64.Build.0 = Debug|Any CPU
		{685CB190-6601-4351-92A1-52599571B498}.Debug|x86.ActiveCfg = Debug|Any CPU
		{685CB190-6601-4351-92A1-52599571B498}.Debug|x86.Build.0 = Debug|Any CPU
		{685CB190-6601-4351-92A1-52599571B498}.Release|Any CPU.ActiveCfg = Release|Any CPU
		{685CB190-6601-4351-92A1-52599571B498}.Release|Any CPU.Build.0 = Release|Any CPU
		{685CB190-6601-4351-92A1-52599571B498}.Release|x64.ActiveCfg = Release|Any CPU
		{685CB190-6601-4351-92A1-52599571B498}.Release|x64.Build.0 = Release|Any CPU
		{685CB190-6601-4351-92A1-52599571B498}.Release|x86.ActiveCfg = Release|Any CPU
		{685CB190-6601-4351-92A1-52599571B498}.Release|x86.Build.0 = Release|Any CPU
		{C8815135-ABBF-4E21-812A-3D69529458CD}.Debug|Any CPU.ActiveCfg = Debug|Any CPU
		{C8815135-ABBF-4E21-812A-3D69529458CD}.Debug|Any CPU.Build.0 = Debug|Any CPU
		{C8815135-ABBF-4E21-812A-3D69529458CD}.Debug|x64.ActiveCfg = Debug|x64
		{C8815135-ABBF-4E21-812A-3D69529458CD}.Debug|x64.Build.0 = Debug|x64
		{C8815135-ABBF-4E21-812A-3D69529458CD}.Debug|x86.ActiveCfg = Debug|x86
		{C8815135-ABBF-4E21-812A-3D69529458CD}.Debug|x86.Build.0 = Debug|x86
		{C8815135-ABBF-4E21-812A-3D69529458CD}.Release|Any CPU.ActiveCfg = Release|Any CPU
		{C8815135-ABBF-4E21-812A-3D69529458CD}.Release|Any CPU.Build.0 = Release|Any CPU
		{C8815135-ABBF-4E21-812A-3D69529458CD}.Release|x64.ActiveCfg = Release|x64
		{C8815135-ABBF-4E21-812A-3D69529458CD}.Release|x64.Build.0 = Release|x64
		{C8815135-ABBF-4E21-812A-3D69529458CD}.Release|x86.ActiveCfg = Release|x86
		{C8815135-ABBF-4E21-812A-3D69529458CD}.Release|x86.Build.0 = Release|x86
		{5B69503B-E4CC-4D27-A088-06CE4434D924}.Debug|Any CPU.ActiveCfg = Debug|Any CPU
		{5B69503B-E4CC-4D27-A088-06CE4434D924}.Debug|Any CPU.Build.0 = Debug|Any CPU
		{5B69503B-E4CC-4D27-A088-06CE4434D924}.Debug|x64.ActiveCfg = Debug|x64
		{5B69503B-E4CC-4D27-A088-06CE4434D924}.Debug|x64.Build.0 = Debug|x64
		{5B69503B-E4CC-4D27-A088-06CE4434D924}.Debug|x86.ActiveCfg = Debug|x86
		{5B69503B-E4CC-4D27-A088-06CE4434D924}.Debug|x86.Build.0 = Debug|x86
		{5B69503B-E4CC-4D27-A088-06CE4434D924}.Release|Any CPU.ActiveCfg = Release|Any CPU
		{5B69503B-E4CC-4D27-A088-06CE4434D924}.Release|Any CPU.Build.0 = Release|Any CPU
		{5B69503B-E4CC-4D27-A088-06CE4434D924}.Release|x64.ActiveCfg = Release|x64
		{5B69503B-E4CC-4D27-A088-06CE4434D924}.Release|x64.Build.0 = Release|x64
		{5B69503B-E4CC-4D27-A088-06CE4434D924}.Release|x86.ActiveCfg = Release|x86
		{5B69503B-E4CC-4D27-A088-06CE4434D924}.Release|x86.Build.0 = Release|x86
	EndGlobalSection
	GlobalSection(SolutionProperties) = preSolution
		HideSolutionNode = FALSE
	EndGlobalSection
	GlobalSection(NestedProjects) = preSolution
		{51C2C5B6-B3CA-40C2-8700-42FB1B6D7BFC} = {39CCF7E0-4646-4AA8-B063-F475D9907219}
		{940D2148-77E5-4388-A226-45BB0C7BE417} = {39CCF7E0-4646-4AA8-B063-F475D9907219}
		{09938B7D-30D4-4A75-9DDD-904FC269D56A} = {39CCF7E0-4646-4AA8-B063-F475D9907219}
		{685CB190-6601-4351-92A1-52599571B498} = {39CCF7E0-4646-4AA8-B063-F475D9907219}
		{C8815135-ABBF-4E21-812A-3D69529458CD} = {39CCF7E0-4646-4AA8-B063-F475D9907219}
		{5B69503B-E4CC-4D27-A088-06CE4434D924} = {39CCF7E0-4646-4AA8-B063-F475D9907219}
	EndGlobalSection
	GlobalSection(ExtensibilityGlobals) = postSolution
		SolutionGuid = {77C2A797-FFF5-403F-917B-A3C06895ED17}
	EndGlobalSection
EndGlobal
